// !$*UTF8*$!
{
	archiveVersion = 1;
	classes = {
	};
	objectVersion = 51;
	objects = {

/* Begin PBXBuildFile section */
		08859726E321599778DB287E /* Pods_TextFly.framework in Frameworks */ = {isa = PBXBuildFile; fileRef = 5EA29359D7A7FDF658BCAA00 /* Pods_TextFly.framework */; };
		0C8B2FBBD0804674BF4D6A7E /* Pods_TextFly_TextFlyUITests.framework in Frameworks */ = {isa = PBXBuildFile; fileRef = D85C8EFD76210C72839294A3 /* Pods_TextFly_TextFlyUITests.framework */; };
		7613C9EE25B62356004017DC /* AppDelegate.swift in Sources */ = {isa = PBXBuildFile; fileRef = 7613C9ED25B62356004017DC /* AppDelegate.swift */; };
		7613C9F025B62356004017DC /* SceneDelegate.swift in Sources */ = {isa = PBXBuildFile; fileRef = 7613C9EF25B62356004017DC /* SceneDelegate.swift */; };
		7613C9F225B62356004017DC /* SplashViewController.swift in Sources */ = {isa = PBXBuildFile; fileRef = 7613C9F125B62356004017DC /* SplashViewController.swift */; };
		7613C9F825B62356004017DC /* TextFly.xcdatamodeld in Sources */ = {isa = PBXBuildFile; fileRef = 7613C9F625B62356004017DC /* TextFly.xcdatamodeld */; };
		7613C9FA25B62358004017DC /* Assets.xcassets in Resources */ = {isa = PBXBuildFile; fileRef = 7613C9F925B62358004017DC /* Assets.xcassets */; };
		7613CA0825B62358004017DC /* TextFlyTests.swift in Sources */ = {isa = PBXBuildFile; fileRef = 7613CA0725B62358004017DC /* TextFlyTests.swift */; };
		7613CA1325B62358004017DC /* TextFlyUITests.swift in Sources */ = {isa = PBXBuildFile; fileRef = 7613CA1225B62358004017DC /* TextFlyUITests.swift */; };
		7613CA2425B6243A004017DC /* GoogleService-Info.plist in Resources */ = {isa = PBXBuildFile; fileRef = 7613CA2325B6243A004017DC /* GoogleService-Info.plist */; };
		767872C525B62A93002FD382 /* LaunchScreen.storyboard in Resources */ = {isa = PBXBuildFile; fileRef = 767872C425B62A93002FD382 /* LaunchScreen.storyboard */; };
		767872D325B62C1D002FD382 /* LoginViewController.xib in Resources */ = {isa = PBXBuildFile; fileRef = 767872D225B62C1D002FD382 /* LoginViewController.xib */; };
		767872D925B6306E002FD382 /* LoginInputCell.swift in Sources */ = {isa = PBXBuildFile; fileRef = 767872D825B6306E002FD382 /* LoginInputCell.swift */; };
		767872E125B63079002FD382 /* LoginInputCell.xib in Resources */ = {isa = PBXBuildFile; fileRef = 767872E025B63079002FD382 /* LoginInputCell.xib */; };
		767872E725B630D9002FD382 /* BaseViewController.swift in Sources */ = {isa = PBXBuildFile; fileRef = 767872E625B630D9002FD382 /* BaseViewController.swift */; };
		767872F025B63142002FD382 /* InputField.swift in Sources */ = {isa = PBXBuildFile; fileRef = 767872EF25B63142002FD382 /* InputField.swift */; };
		7678733F25B63F78002FD382 /* Color.swift in Sources */ = {isa = PBXBuildFile; fileRef = 7678733E25B63F78002FD382 /* Color.swift */; };
		7678734925B63FEE002FD382 /* UIColor+Extension.swift in Sources */ = {isa = PBXBuildFile; fileRef = 7678734825B63FEE002FD382 /* UIColor+Extension.swift */; };
		7678735625B66229002FD382 /* RegisterViewController.swift in Sources */ = {isa = PBXBuildFile; fileRef = 7678735525B66229002FD382 /* RegisterViewController.swift */; };
		7678735E25B66236002FD382 /* RegisterViewController.xib in Resources */ = {isa = PBXBuildFile; fileRef = 7678735D25B66236002FD382 /* RegisterViewController.xib */; };
		768FFEFD25B79F9A00B63875 /* UITableView+Extension.swift in Sources */ = {isa = PBXBuildFile; fileRef = 768FFEFC25B79F9A00B63875 /* UITableView+Extension.swift */; };
		768FFF0525B7A09A00B63875 /* RegisterViewModel.swift in Sources */ = {isa = PBXBuildFile; fileRef = 768FFF0425B7A09A00B63875 /* RegisterViewModel.swift */; };
		768FFF0E25B7A12800B63875 /* EmptyEntity.swift in Sources */ = {isa = PBXBuildFile; fileRef = 768FFF0D25B7A12800B63875 /* EmptyEntity.swift */; };
		768FFF1725B7A1D500B63875 /* UserDataProvider.swift in Sources */ = {isa = PBXBuildFile; fileRef = 768FFF1625B7A1D500B63875 /* UserDataProvider.swift */; };
		768FFF1D25B7A2B300B63875 /* APIClient.swift in Sources */ = {isa = PBXBuildFile; fileRef = 768FFF1C25B7A2B300B63875 /* APIClient.swift */; };
		768FFF4325B7AABE00B63875 /* DateFormatter+Extension.swift in Sources */ = {isa = PBXBuildFile; fileRef = 768FFF4225B7AABE00B63875 /* DateFormatter+Extension.swift */; };
		768FFF4925B7AB7000B63875 /* UserRoute.swift in Sources */ = {isa = PBXBuildFile; fileRef = 768FFF4825B7AB7000B63875 /* UserRoute.swift */; };
		768FFF4F25B7AE4800B63875 /* ErrorTracker.swift in Sources */ = {isa = PBXBuildFile; fileRef = 768FFF4E25B7AE4800B63875 /* ErrorTracker.swift */; };
		768FFF5425B7AE8F00B63875 /* ObservableType+Extension.swift in Sources */ = {isa = PBXBuildFile; fileRef = 768FFF5325B7AE8F00B63875 /* ObservableType+Extension.swift */; };
		768FFF5925B7AEC900B63875 /* ActivityTracker.swift in Sources */ = {isa = PBXBuildFile; fileRef = 768FFF5825B7AEC900B63875 /* ActivityTracker.swift */; };
		76E7086525B67429003F6F21 /* LoginViewController.swift in Sources */ = {isa = PBXBuildFile; fileRef = 76E7086425B67429003F6F21 /* LoginViewController.swift */; };
		B0E7DCA969BB6BF01876DF12 /* Pods_TextFlyTests.framework in Frameworks */ = {isa = PBXBuildFile; fileRef = 8F2A5F9B685DB894E772037B /* Pods_TextFlyTests.framework */; };
/* End PBXBuildFile section */

/* Begin PBXContainerItemProxy section */
		7613CA0425B62358004017DC /* PBXContainerItemProxy */ = {
			isa = PBXContainerItemProxy;
			containerPortal = 7613C9E225B62356004017DC /* Project object */;
			proxyType = 1;
			remoteGlobalIDString = 7613C9E925B62356004017DC;
			remoteInfo = TextFly;
		};
		7613CA0F25B62358004017DC /* PBXContainerItemProxy */ = {
			isa = PBXContainerItemProxy;
			containerPortal = 7613C9E225B62356004017DC /* Project object */;
			proxyType = 1;
			remoteGlobalIDString = 7613C9E925B62356004017DC;
			remoteInfo = TextFly;
		};
/* End PBXContainerItemProxy section */

/* Begin PBXFileReference section */
		1251B7E3DA44327B72F8D527 /* Pods-TextFlyTests.release.xcconfig */ = {isa = PBXFileReference; includeInIndex = 1; lastKnownFileType = text.xcconfig; name = "Pods-TextFlyTests.release.xcconfig"; path = "Target Support Files/Pods-TextFlyTests/Pods-TextFlyTests.release.xcconfig"; sourceTree = "<group>"; };
		36646484250AD3FDE1486E04 /* Pods-TextFly-TextFlyUITests.debug.xcconfig */ = {isa = PBXFileReference; includeInIndex = 1; lastKnownFileType = text.xcconfig; name = "Pods-TextFly-TextFlyUITests.debug.xcconfig"; path = "Target Support Files/Pods-TextFly-TextFlyUITests/Pods-TextFly-TextFlyUITests.debug.xcconfig"; sourceTree = "<group>"; };
		5EA29359D7A7FDF658BCAA00 /* Pods_TextFly.framework */ = {isa = PBXFileReference; explicitFileType = wrapper.framework; includeInIndex = 0; path = Pods_TextFly.framework; sourceTree = BUILT_PRODUCTS_DIR; };
		6C933AD6B1B5D154EB25583B /* Pods-TextFly-TextFlyUITests.release.xcconfig */ = {isa = PBXFileReference; includeInIndex = 1; lastKnownFileType = text.xcconfig; name = "Pods-TextFly-TextFlyUITests.release.xcconfig"; path = "Target Support Files/Pods-TextFly-TextFlyUITests/Pods-TextFly-TextFlyUITests.release.xcconfig"; sourceTree = "<group>"; };
		7613C9EA25B62356004017DC /* TextFly.app */ = {isa = PBXFileReference; explicitFileType = wrapper.application; includeInIndex = 0; path = TextFly.app; sourceTree = BUILT_PRODUCTS_DIR; };
		7613C9ED25B62356004017DC /* AppDelegate.swift */ = {isa = PBXFileReference; lastKnownFileType = sourcecode.swift; path = AppDelegate.swift; sourceTree = "<group>"; };
		7613C9EF25B62356004017DC /* SceneDelegate.swift */ = {isa = PBXFileReference; lastKnownFileType = sourcecode.swift; path = SceneDelegate.swift; sourceTree = "<group>"; };
		7613C9F125B62356004017DC /* SplashViewController.swift */ = {isa = PBXFileReference; lastKnownFileType = sourcecode.swift; path = SplashViewController.swift; sourceTree = "<group>"; };
		7613C9F725B62356004017DC /* TextFly.xcdatamodel */ = {isa = PBXFileReference; lastKnownFileType = wrapper.xcdatamodel; path = TextFly.xcdatamodel; sourceTree = "<group>"; };
		7613C9F925B62358004017DC /* Assets.xcassets */ = {isa = PBXFileReference; lastKnownFileType = folder.assetcatalog; path = Assets.xcassets; sourceTree = "<group>"; };
		7613C9FE25B62358004017DC /* Info.plist */ = {isa = PBXFileReference; lastKnownFileType = text.plist.xml; path = Info.plist; sourceTree = "<group>"; };
		7613CA0325B62358004017DC /* TextFlyTests.xctest */ = {isa = PBXFileReference; explicitFileType = wrapper.cfbundle; includeInIndex = 0; path = TextFlyTests.xctest; sourceTree = BUILT_PRODUCTS_DIR; };
		7613CA0725B62358004017DC /* TextFlyTests.swift */ = {isa = PBXFileReference; lastKnownFileType = sourcecode.swift; path = TextFlyTests.swift; sourceTree = "<group>"; };
		7613CA0925B62358004017DC /* Info.plist */ = {isa = PBXFileReference; lastKnownFileType = text.plist.xml; path = Info.plist; sourceTree = "<group>"; };
		7613CA0E25B62358004017DC /* TextFlyUITests.xctest */ = {isa = PBXFileReference; explicitFileType = wrapper.cfbundle; includeInIndex = 0; path = TextFlyUITests.xctest; sourceTree = BUILT_PRODUCTS_DIR; };
		7613CA1225B62358004017DC /* TextFlyUITests.swift */ = {isa = PBXFileReference; lastKnownFileType = sourcecode.swift; path = TextFlyUITests.swift; sourceTree = "<group>"; };
		7613CA1425B62358004017DC /* Info.plist */ = {isa = PBXFileReference; lastKnownFileType = text.plist.xml; path = Info.plist; sourceTree = "<group>"; };
		7613CA2325B6243A004017DC /* GoogleService-Info.plist */ = {isa = PBXFileReference; fileEncoding = 4; lastKnownFileType = text.plist.xml; path = "GoogleService-Info.plist"; sourceTree = "<group>"; };
		767872C425B62A93002FD382 /* LaunchScreen.storyboard */ = {isa = PBXFileReference; fileEncoding = 4; lastKnownFileType = file.storyboard; path = LaunchScreen.storyboard; sourceTree = "<group>"; };
		767872D225B62C1D002FD382 /* LoginViewController.xib */ = {isa = PBXFileReference; lastKnownFileType = file.xib; path = LoginViewController.xib; sourceTree = "<group>"; };
		767872D825B6306E002FD382 /* LoginInputCell.swift */ = {isa = PBXFileReference; lastKnownFileType = sourcecode.swift; path = LoginInputCell.swift; sourceTree = "<group>"; };
		767872E025B63079002FD382 /* LoginInputCell.xib */ = {isa = PBXFileReference; lastKnownFileType = file.xib; path = LoginInputCell.xib; sourceTree = "<group>"; };
		767872E625B630D9002FD382 /* BaseViewController.swift */ = {isa = PBXFileReference; lastKnownFileType = sourcecode.swift; path = BaseViewController.swift; sourceTree = "<group>"; };
		767872EF25B63142002FD382 /* InputField.swift */ = {isa = PBXFileReference; lastKnownFileType = sourcecode.swift; path = InputField.swift; sourceTree = "<group>"; };
		7678733E25B63F78002FD382 /* Color.swift */ = {isa = PBXFileReference; lastKnownFileType = sourcecode.swift; path = Color.swift; sourceTree = "<group>"; };
		7678734825B63FEE002FD382 /* UIColor+Extension.swift */ = {isa = PBXFileReference; lastKnownFileType = sourcecode.swift; path = "UIColor+Extension.swift"; sourceTree = "<group>"; };
		7678735525B66229002FD382 /* RegisterViewController.swift */ = {isa = PBXFileReference; lastKnownFileType = sourcecode.swift; path = RegisterViewController.swift; sourceTree = "<group>"; };
		7678735D25B66236002FD382 /* RegisterViewController.xib */ = {isa = PBXFileReference; lastKnownFileType = file.xib; path = RegisterViewController.xib; sourceTree = "<group>"; };
		768FFEFC25B79F9A00B63875 /* UITableView+Extension.swift */ = {isa = PBXFileReference; lastKnownFileType = sourcecode.swift; path = "UITableView+Extension.swift"; sourceTree = "<group>"; };
		768FFF0425B7A09A00B63875 /* RegisterViewModel.swift */ = {isa = PBXFileReference; lastKnownFileType = sourcecode.swift; path = RegisterViewModel.swift; sourceTree = "<group>"; };
		768FFF0D25B7A12800B63875 /* EmptyEntity.swift */ = {isa = PBXFileReference; lastKnownFileType = sourcecode.swift; path = EmptyEntity.swift; sourceTree = "<group>"; };
		768FFF1625B7A1D500B63875 /* UserDataProvider.swift */ = {isa = PBXFileReference; lastKnownFileType = sourcecode.swift; path = UserDataProvider.swift; sourceTree = "<group>"; };
		768FFF1C25B7A2B300B63875 /* APIClient.swift */ = {isa = PBXFileReference; lastKnownFileType = sourcecode.swift; path = APIClient.swift; sourceTree = "<group>"; };
		768FFF4225B7AABE00B63875 /* DateFormatter+Extension.swift */ = {isa = PBXFileReference; lastKnownFileType = sourcecode.swift; path = "DateFormatter+Extension.swift"; sourceTree = "<group>"; };
		768FFF4825B7AB7000B63875 /* UserRoute.swift */ = {isa = PBXFileReference; lastKnownFileType = sourcecode.swift; path = UserRoute.swift; sourceTree = "<group>"; };
		768FFF4E25B7AE4800B63875 /* ErrorTracker.swift */ = {isa = PBXFileReference; lastKnownFileType = sourcecode.swift; path = ErrorTracker.swift; sourceTree = "<group>"; };
		768FFF5325B7AE8F00B63875 /* ObservableType+Extension.swift */ = {isa = PBXFileReference; lastKnownFileType = sourcecode.swift; path = "ObservableType+Extension.swift"; sourceTree = "<group>"; };
		768FFF5825B7AEC900B63875 /* ActivityTracker.swift */ = {isa = PBXFileReference; lastKnownFileType = sourcecode.swift; path = ActivityTracker.swift; sourceTree = "<group>"; };
		76E7086425B67429003F6F21 /* LoginViewController.swift */ = {isa = PBXFileReference; fileEncoding = 4; lastKnownFileType = sourcecode.swift; path = LoginViewController.swift; sourceTree = "<group>"; };
		8F2A5F9B685DB894E772037B /* Pods_TextFlyTests.framework */ = {isa = PBXFileReference; explicitFileType = wrapper.framework; includeInIndex = 0; path = Pods_TextFlyTests.framework; sourceTree = BUILT_PRODUCTS_DIR; };
		A49D6D7238D98E79AF3E90D5 /* Pods-TextFly.release.xcconfig */ = {isa = PBXFileReference; includeInIndex = 1; lastKnownFileType = text.xcconfig; name = "Pods-TextFly.release.xcconfig"; path = "Target Support Files/Pods-TextFly/Pods-TextFly.release.xcconfig"; sourceTree = "<group>"; };
		D85C8EFD76210C72839294A3 /* Pods_TextFly_TextFlyUITests.framework */ = {isa = PBXFileReference; explicitFileType = wrapper.framework; includeInIndex = 0; path = Pods_TextFly_TextFlyUITests.framework; sourceTree = BUILT_PRODUCTS_DIR; };
		EEB18C2E023E2F943D0B145D /* Pods-TextFly.debug.xcconfig */ = {isa = PBXFileReference; includeInIndex = 1; lastKnownFileType = text.xcconfig; name = "Pods-TextFly.debug.xcconfig"; path = "Target Support Files/Pods-TextFly/Pods-TextFly.debug.xcconfig"; sourceTree = "<group>"; };
		F5D42F026FC9A262E934C2D2 /* Pods-TextFlyTests.debug.xcconfig */ = {isa = PBXFileReference; includeInIndex = 1; lastKnownFileType = text.xcconfig; name = "Pods-TextFlyTests.debug.xcconfig"; path = "Target Support Files/Pods-TextFlyTests/Pods-TextFlyTests.debug.xcconfig"; sourceTree = "<group>"; };
/* End PBXFileReference section */

/* Begin PBXFrameworksBuildPhase section */
		7613C9E725B62356004017DC /* Frameworks */ = {
			isa = PBXFrameworksBuildPhase;
			buildActionMask = 2147483647;
			files = (
				08859726E321599778DB287E /* Pods_TextFly.framework in Frameworks */,
			);
			runOnlyForDeploymentPostprocessing = 0;
		};
		7613CA0025B62358004017DC /* Frameworks */ = {
			isa = PBXFrameworksBuildPhase;
			buildActionMask = 2147483647;
			files = (
				B0E7DCA969BB6BF01876DF12 /* Pods_TextFlyTests.framework in Frameworks */,
			);
			runOnlyForDeploymentPostprocessing = 0;
		};
		7613CA0B25B62358004017DC /* Frameworks */ = {
			isa = PBXFrameworksBuildPhase;
			buildActionMask = 2147483647;
			files = (
				0C8B2FBBD0804674BF4D6A7E /* Pods_TextFly_TextFlyUITests.framework in Frameworks */,
			);
			runOnlyForDeploymentPostprocessing = 0;
		};
/* End PBXFrameworksBuildPhase section */

/* Begin PBXGroup section */
		1730B191546E69879A629E23 /* Frameworks */ = {
			isa = PBXGroup;
			children = (
				5EA29359D7A7FDF658BCAA00 /* Pods_TextFly.framework */,
				D85C8EFD76210C72839294A3 /* Pods_TextFly_TextFlyUITests.framework */,
				8F2A5F9B685DB894E772037B /* Pods_TextFlyTests.framework */,
			);
			name = Frameworks;
			sourceTree = "<group>";
		};
		4142DE40F6CED6044C40BE9E /* Pods */ = {
			isa = PBXGroup;
			children = (
				EEB18C2E023E2F943D0B145D /* Pods-TextFly.debug.xcconfig */,
				A49D6D7238D98E79AF3E90D5 /* Pods-TextFly.release.xcconfig */,
				36646484250AD3FDE1486E04 /* Pods-TextFly-TextFlyUITests.debug.xcconfig */,
				6C933AD6B1B5D154EB25583B /* Pods-TextFly-TextFlyUITests.release.xcconfig */,
				F5D42F026FC9A262E934C2D2 /* Pods-TextFlyTests.debug.xcconfig */,
				1251B7E3DA44327B72F8D527 /* Pods-TextFlyTests.release.xcconfig */,
			);
			path = Pods;
			sourceTree = "<group>";
		};
		7613C9E125B62356004017DC = {
			isa = PBXGroup;
			children = (
				7613C9EC25B62356004017DC /* TextFly */,
				7613CA0625B62358004017DC /* TextFlyTests */,
				7613CA1125B62358004017DC /* TextFlyUITests */,
				7613C9EB25B62356004017DC /* Products */,
				4142DE40F6CED6044C40BE9E /* Pods */,
				1730B191546E69879A629E23 /* Frameworks */,
			);
			sourceTree = "<group>";
		};
		7613C9EB25B62356004017DC /* Products */ = {
			isa = PBXGroup;
			children = (
				7613C9EA25B62356004017DC /* TextFly.app */,
				7613CA0325B62358004017DC /* TextFlyTests.xctest */,
				7613CA0E25B62358004017DC /* TextFlyUITests.xctest */,
			);
			name = Products;
			sourceTree = "<group>";
		};
		7613C9EC25B62356004017DC /* TextFly */ = {
			isa = PBXGroup;
			children = (
				768FFF4D25B7AE3600B63875 /* Utilities */,
				768FFF1B25B7A2A300B63875 /* Networking */,
				768FFF1525B7A1A900B63875 /* DataProvider */,
				768FFF0C25B7A11700B63875 /* Model */,
				7678735325B661E7002FD382 /* Font */,
				7678734625B63FB7002FD382 /* Controller */,
				7678733D25B63F70002FD382 /* Color */,
				7678734725B63FC2002FD382 /* Extensions */,
				7613C9ED25B62356004017DC /* AppDelegate.swift */,
				7613C9EF25B62356004017DC /* SceneDelegate.swift */,
				7613C9F125B62356004017DC /* SplashViewController.swift */,
				767872C425B62A93002FD382 /* LaunchScreen.storyboard */,
				7613C9F925B62358004017DC /* Assets.xcassets */,
				7613C9FE25B62358004017DC /* Info.plist */,
				7613CA2325B6243A004017DC /* GoogleService-Info.plist */,
				7613C9F625B62356004017DC /* TextFly.xcdatamodeld */,
			);
			path = TextFly;
			sourceTree = "<group>";
		};
		7613CA0625B62358004017DC /* TextFlyTests */ = {
			isa = PBXGroup;
			children = (
				7613CA0725B62358004017DC /* TextFlyTests.swift */,
				7613CA0925B62358004017DC /* Info.plist */,
			);
			path = TextFlyTests;
			sourceTree = "<group>";
		};
		7613CA1125B62358004017DC /* TextFlyUITests */ = {
			isa = PBXGroup;
			children = (
				7613CA1225B62358004017DC /* TextFlyUITests.swift */,
				7613CA1425B62358004017DC /* Info.plist */,
			);
			path = TextFlyUITests;
			sourceTree = "<group>";
		};
		767872C925B62AF3002FD382 /* Login */ = {
			isa = PBXGroup;
			children = (
				767872EE25B63135002FD382 /* Inputs */,
				767872D725B6305D002FD382 /* Cells */,
				767872D225B62C1D002FD382 /* LoginViewController.xib */,
				76E7086425B67429003F6F21 /* LoginViewController.swift */,
			);
			path = Login;
			sourceTree = "<group>";
		};
		767872D725B6305D002FD382 /* Cells */ = {
			isa = PBXGroup;
			children = (
				767872D825B6306E002FD382 /* LoginInputCell.swift */,
				767872E025B63079002FD382 /* LoginInputCell.xib */,
			);
			path = Cells;
			sourceTree = "<group>";
		};
		767872E525B630CD002FD382 /* Base */ = {
			isa = PBXGroup;
			children = (
				767872E625B630D9002FD382 /* BaseViewController.swift */,
			);
			path = Base;
			sourceTree = "<group>";
		};
		767872EE25B63135002FD382 /* Inputs */ = {
			isa = PBXGroup;
			children = (
				767872EF25B63142002FD382 /* InputField.swift */,
			);
			path = Inputs;
			sourceTree = "<group>";
		};
		7678733D25B63F70002FD382 /* Color */ = {
			isa = PBXGroup;
			children = (
				7678733E25B63F78002FD382 /* Color.swift */,
			);
			path = Color;
			sourceTree = "<group>";
		};
		7678734625B63FB7002FD382 /* Controller */ = {
			isa = PBXGroup;
			children = (
				7678735425B6621B002FD382 /* Register */,
				767872C925B62AF3002FD382 /* Login */,
				767872E525B630CD002FD382 /* Base */,
			);
			path = Controller;
			sourceTree = "<group>";
		};
		7678734725B63FC2002FD382 /* Extensions */ = {
			isa = PBXGroup;
			children = (
				7678734825B63FEE002FD382 /* UIColor+Extension.swift */,
				768FFEFC25B79F9A00B63875 /* UITableView+Extension.swift */,
				768FFF4225B7AABE00B63875 /* DateFormatter+Extension.swift */,
				768FFF5325B7AE8F00B63875 /* ObservableType+Extension.swift */,
			);
			path = Extensions;
			sourceTree = "<group>";
		};
		7678735325B661E7002FD382 /* Font */ = {
			isa = PBXGroup;
			children = (
			);
			path = Font;
			sourceTree = "<group>";
		};
		7678735425B6621B002FD382 /* Register */ = {
			isa = PBXGroup;
			children = (
				768FFF0425B7A09A00B63875 /* RegisterViewModel.swift */,
				7678735525B66229002FD382 /* RegisterViewController.swift */,
				7678735D25B66236002FD382 /* RegisterViewController.xib */,
			);
			path = Register;
			sourceTree = "<group>";
		};
		768FFF0C25B7A11700B63875 /* Model */ = {
			isa = PBXGroup;
			children = (
				768FFF0D25B7A12800B63875 /* EmptyEntity.swift */,
			);
			path = Model;
			sourceTree = "<group>";
		};
		768FFF1525B7A1A900B63875 /* DataProvider */ = {
			isa = PBXGroup;
			children = (
				768FFF1625B7A1D500B63875 /* UserDataProvider.swift */,
			);
			path = DataProvider;
			sourceTree = "<group>";
		};
		768FFF1B25B7A2A300B63875 /* Networking */ = {
			isa = PBXGroup;
			children = (
				768FFF4725B7AB5F00B63875 /* Routes */,
				768FFF1C25B7A2B300B63875 /* APIClient.swift */,
			);
			path = Networking;
			sourceTree = "<group>";
		};
		768FFF4725B7AB5F00B63875 /* Routes */ = {
			isa = PBXGroup;
			children = (
				768FFF4825B7AB7000B63875 /* UserRoute.swift */,
			);
			path = Routes;
			sourceTree = "<group>";
		};
		768FFF4D25B7AE3600B63875 /* Utilities */ = {
			isa = PBXGroup;
			children = (
				768FFF4E25B7AE4800B63875 /* ErrorTracker.swift */,
				768FFF5825B7AEC900B63875 /* ActivityTracker.swift */,
			);
			path = Utilities;
			sourceTree = "<group>";
		};
/* End PBXGroup section */

/* Begin PBXNativeTarget section */
		7613C9E925B62356004017DC /* TextFly */ = {
			isa = PBXNativeTarget;
			buildConfigurationList = 7613CA1725B62358004017DC /* Build configuration list for PBXNativeTarget "TextFly" */;
			buildPhases = (
				8D1B65A25589854DB89FF680 /* [CP] Check Pods Manifest.lock */,
				7613C9E625B62356004017DC /* Sources */,
				7613C9E725B62356004017DC /* Frameworks */,
				7613C9E825B62356004017DC /* Resources */,
				858CCDC6EEE2039745FF7A49 /* [CP] Embed Pods Frameworks */,
			);
			buildRules = (
			);
			dependencies = (
			);
			name = TextFly;
			productName = TextFly;
			productReference = 7613C9EA25B62356004017DC /* TextFly.app */;
			productType = "com.apple.product-type.application";
		};
		7613CA0225B62358004017DC /* TextFlyTests */ = {
			isa = PBXNativeTarget;
			buildConfigurationList = 7613CA1A25B62358004017DC /* Build configuration list for PBXNativeTarget "TextFlyTests" */;
			buildPhases = (
				686178484E1E74EB44A6EFB5 /* [CP] Check Pods Manifest.lock */,
				7613C9FF25B62358004017DC /* Sources */,
				7613CA0025B62358004017DC /* Frameworks */,
				7613CA0125B62358004017DC /* Resources */,
			);
			buildRules = (
			);
			dependencies = (
				7613CA0525B62358004017DC /* PBXTargetDependency */,
			);
			name = TextFlyTests;
			productName = TextFlyTests;
			productReference = 7613CA0325B62358004017DC /* TextFlyTests.xctest */;
			productType = "com.apple.product-type.bundle.unit-test";
		};
		7613CA0D25B62358004017DC /* TextFlyUITests */ = {
			isa = PBXNativeTarget;
			buildConfigurationList = 7613CA1D25B62358004017DC /* Build configuration list for PBXNativeTarget "TextFlyUITests" */;
			buildPhases = (
				E93D0EDA9F206C27C42EE808 /* [CP] Check Pods Manifest.lock */,
				7613CA0A25B62358004017DC /* Sources */,
				7613CA0B25B62358004017DC /* Frameworks */,
				7613CA0C25B62358004017DC /* Resources */,
				644653BC5E103D4F302844E7 /* [CP] Embed Pods Frameworks */,
			);
			buildRules = (
			);
			dependencies = (
				7613CA1025B62358004017DC /* PBXTargetDependency */,
			);
			name = TextFlyUITests;
			productName = TextFlyUITests;
			productReference = 7613CA0E25B62358004017DC /* TextFlyUITests.xctest */;
			productType = "com.apple.product-type.bundle.ui-testing";
		};
/* End PBXNativeTarget section */

/* Begin PBXProject section */
		7613C9E225B62356004017DC /* Project object */ = {
			isa = PBXProject;
			attributes = {
				LastSwiftUpdateCheck = 1230;
				LastUpgradeCheck = 1230;
				TargetAttributes = {
					7613C9E925B62356004017DC = {
						CreatedOnToolsVersion = 12.3;
					};
					7613CA0225B62358004017DC = {
						CreatedOnToolsVersion = 12.3;
						TestTargetID = 7613C9E925B62356004017DC;
					};
					7613CA0D25B62358004017DC = {
						CreatedOnToolsVersion = 12.3;
						TestTargetID = 7613C9E925B62356004017DC;
					};
				};
			};
			buildConfigurationList = 7613C9E525B62356004017DC /* Build configuration list for PBXProject "TextFly" */;
			compatibilityVersion = "Xcode 9.3";
			developmentRegion = en;
			hasScannedForEncodings = 0;
			knownRegions = (
				en,
				Base,
			);
			mainGroup = 7613C9E125B62356004017DC;
			productRefGroup = 7613C9EB25B62356004017DC /* Products */;
			projectDirPath = "";
			projectRoot = "";
			targets = (
				7613C9E925B62356004017DC /* TextFly */,
				7613CA0225B62358004017DC /* TextFlyTests */,
				7613CA0D25B62358004017DC /* TextFlyUITests */,
			);
		};
/* End PBXProject section */

/* Begin PBXResourcesBuildPhase section */
		7613C9E825B62356004017DC /* Resources */ = {
			isa = PBXResourcesBuildPhase;
			buildActionMask = 2147483647;
			files = (
				767872E125B63079002FD382 /* LoginInputCell.xib in Resources */,
				767872D325B62C1D002FD382 /* LoginViewController.xib in Resources */,
				767872C525B62A93002FD382 /* LaunchScreen.storyboard in Resources */,
				7613CA2425B6243A004017DC /* GoogleService-Info.plist in Resources */,
				7613C9FA25B62358004017DC /* Assets.xcassets in Resources */,
				7678735E25B66236002FD382 /* RegisterViewController.xib in Resources */,
			);
			runOnlyForDeploymentPostprocessing = 0;
		};
		7613CA0125B62358004017DC /* Resources */ = {
			isa = PBXResourcesBuildPhase;
			buildActionMask = 2147483647;
			files = (
			);
			runOnlyForDeploymentPostprocessing = 0;
		};
		7613CA0C25B62358004017DC /* Resources */ = {
			isa = PBXResourcesBuildPhase;
			buildActionMask = 2147483647;
			files = (
			);
			runOnlyForDeploymentPostprocessing = 0;
		};
/* End PBXResourcesBuildPhase section */

/* Begin PBXShellScriptBuildPhase section */
		644653BC5E103D4F302844E7 /* [CP] Embed Pods Frameworks */ = {
			isa = PBXShellScriptBuildPhase;
			buildActionMask = 2147483647;
			files = (
			);
			inputFileListPaths = (
				"${PODS_ROOT}/Target Support Files/Pods-TextFly-TextFlyUITests/Pods-TextFly-TextFlyUITests-frameworks-${CONFIGURATION}-input-files.xcfilelist",
			);
			name = "[CP] Embed Pods Frameworks";
			outputFileListPaths = (
				"${PODS_ROOT}/Target Support Files/Pods-TextFly-TextFlyUITests/Pods-TextFly-TextFlyUITests-frameworks-${CONFIGURATION}-output-files.xcfilelist",
			);
			runOnlyForDeploymentPostprocessing = 0;
			shellPath = /bin/sh;
			shellScript = "\"${PODS_ROOT}/Target Support Files/Pods-TextFly-TextFlyUITests/Pods-TextFly-TextFlyUITests-frameworks.sh\"\n";
			showEnvVarsInLog = 0;
		};
		686178484E1E74EB44A6EFB5 /* [CP] Check Pods Manifest.lock */ = {
			isa = PBXShellScriptBuildPhase;
			buildActionMask = 2147483647;
			files = (
			);
			inputFileListPaths = (
			);
			inputPaths = (
				"${PODS_PODFILE_DIR_PATH}/Podfile.lock",
				"${PODS_ROOT}/Manifest.lock",
			);
			name = "[CP] Check Pods Manifest.lock";
			outputFileListPaths = (
			);
			outputPaths = (
				"$(DERIVED_FILE_DIR)/Pods-TextFlyTests-checkManifestLockResult.txt",
			);
			runOnlyForDeploymentPostprocessing = 0;
			shellPath = /bin/sh;
			shellScript = "diff \"${PODS_PODFILE_DIR_PATH}/Podfile.lock\" \"${PODS_ROOT}/Manifest.lock\" > /dev/null\nif [ $? != 0 ] ; then\n    # print error to STDERR\n    echo \"error: The sandbox is not in sync with the Podfile.lock. Run 'pod install' or update your CocoaPods installation.\" >&2\n    exit 1\nfi\n# This output is used by Xcode 'outputs' to avoid re-running this script phase.\necho \"SUCCESS\" > \"${SCRIPT_OUTPUT_FILE_0}\"\n";
			showEnvVarsInLog = 0;
		};
		858CCDC6EEE2039745FF7A49 /* [CP] Embed Pods Frameworks */ = {
			isa = PBXShellScriptBuildPhase;
			buildActionMask = 2147483647;
			files = (
			);
			inputFileListPaths = (
				"${PODS_ROOT}/Target Support Files/Pods-TextFly/Pods-TextFly-frameworks-${CONFIGURATION}-input-files.xcfilelist",
			);
			name = "[CP] Embed Pods Frameworks";
			outputFileListPaths = (
				"${PODS_ROOT}/Target Support Files/Pods-TextFly/Pods-TextFly-frameworks-${CONFIGURATION}-output-files.xcfilelist",
			);
			runOnlyForDeploymentPostprocessing = 0;
			shellPath = /bin/sh;
			shellScript = "\"${PODS_ROOT}/Target Support Files/Pods-TextFly/Pods-TextFly-frameworks.sh\"\n";
			showEnvVarsInLog = 0;
		};
		8D1B65A25589854DB89FF680 /* [CP] Check Pods Manifest.lock */ = {
			isa = PBXShellScriptBuildPhase;
			buildActionMask = 2147483647;
			files = (
			);
			inputFileListPaths = (
			);
			inputPaths = (
				"${PODS_PODFILE_DIR_PATH}/Podfile.lock",
				"${PODS_ROOT}/Manifest.lock",
			);
			name = "[CP] Check Pods Manifest.lock";
			outputFileListPaths = (
			);
			outputPaths = (
				"$(DERIVED_FILE_DIR)/Pods-TextFly-checkManifestLockResult.txt",
			);
			runOnlyForDeploymentPostprocessing = 0;
			shellPath = /bin/sh;
			shellScript = "diff \"${PODS_PODFILE_DIR_PATH}/Podfile.lock\" \"${PODS_ROOT}/Manifest.lock\" > /dev/null\nif [ $? != 0 ] ; then\n    # print error to STDERR\n    echo \"error: The sandbox is not in sync with the Podfile.lock. Run 'pod install' or update your CocoaPods installation.\" >&2\n    exit 1\nfi\n# This output is used by Xcode 'outputs' to avoid re-running this script phase.\necho \"SUCCESS\" > \"${SCRIPT_OUTPUT_FILE_0}\"\n";
			showEnvVarsInLog = 0;
		};
		E93D0EDA9F206C27C42EE808 /* [CP] Check Pods Manifest.lock */ = {
			isa = PBXShellScriptBuildPhase;
			buildActionMask = 2147483647;
			files = (
			);
			inputFileListPaths = (
			);
			inputPaths = (
				"${PODS_PODFILE_DIR_PATH}/Podfile.lock",
				"${PODS_ROOT}/Manifest.lock",
			);
			name = "[CP] Check Pods Manifest.lock";
			outputFileListPaths = (
			);
			outputPaths = (
				"$(DERIVED_FILE_DIR)/Pods-TextFly-TextFlyUITests-checkManifestLockResult.txt",
			);
			runOnlyForDeploymentPostprocessing = 0;
			shellPath = /bin/sh;
			shellScript = "diff \"${PODS_PODFILE_DIR_PATH}/Podfile.lock\" \"${PODS_ROOT}/Manifest.lock\" > /dev/null\nif [ $? != 0 ] ; then\n    # print error to STDERR\n    echo \"error: The sandbox is not in sync with the Podfile.lock. Run 'pod install' or update your CocoaPods installation.\" >&2\n    exit 1\nfi\n# This output is used by Xcode 'outputs' to avoid re-running this script phase.\necho \"SUCCESS\" > \"${SCRIPT_OUTPUT_FILE_0}\"\n";
			showEnvVarsInLog = 0;
		};
/* End PBXShellScriptBuildPhase section */

/* Begin PBXSourcesBuildPhase section */
		7613C9E625B62356004017DC /* Sources */ = {
			isa = PBXSourcesBuildPhase;
			buildActionMask = 2147483647;
			files = (
				767872D925B6306E002FD382 /* LoginInputCell.swift in Sources */,
				7678735625B66229002FD382 /* RegisterViewController.swift in Sources */,
				768FFF5925B7AEC900B63875 /* ActivityTracker.swift in Sources */,
				768FFF0E25B7A12800B63875 /* EmptyEntity.swift in Sources */,
				768FFF1D25B7A2B300B63875 /* APIClient.swift in Sources */,
				7678734925B63FEE002FD382 /* UIColor+Extension.swift in Sources */,
				7613C9F825B62356004017DC /* TextFly.xcdatamodeld in Sources */,
				7613C9F225B62356004017DC /* SplashViewController.swift in Sources */,
				7613C9EE25B62356004017DC /* AppDelegate.swift in Sources */,
				767872F025B63142002FD382 /* InputField.swift in Sources */,
				767872E725B630D9002FD382 /* BaseViewController.swift in Sources */,
				768FFF0525B7A09A00B63875 /* RegisterViewModel.swift in Sources */,
				768FFF1725B7A1D500B63875 /* UserDataProvider.swift in Sources */,
				768FFF4925B7AB7000B63875 /* UserRoute.swift in Sources */,
				7613C9F025B62356004017DC /* SceneDelegate.swift in Sources */,
				768FFF4F25B7AE4800B63875 /* ErrorTracker.swift in Sources */,
				7678733F25B63F78002FD382 /* Color.swift in Sources */,
				768FFF5425B7AE8F00B63875 /* ObservableType+Extension.swift in Sources */,
				768FFF4325B7AABE00B63875 /* DateFormatter+Extension.swift in Sources */,
				76E7086525B67429003F6F21 /* LoginViewController.swift in Sources */,
				768FFEFD25B79F9A00B63875 /* UITableView+Extension.swift in Sources */,
			);
			runOnlyForDeploymentPostprocessing = 0;
		};
		7613C9FF25B62358004017DC /* Sources */ = {
			isa = PBXSourcesBuildPhase;
			buildActionMask = 2147483647;
			files = (
				7613CA0825B62358004017DC /* TextFlyTests.swift in Sources */,
			);
			runOnlyForDeploymentPostprocessing = 0;
		};
		7613CA0A25B62358004017DC /* Sources */ = {
			isa = PBXSourcesBuildPhase;
			buildActionMask = 2147483647;
			files = (
				7613CA1325B62358004017DC /* TextFlyUITests.swift in Sources */,
			);
			runOnlyForDeploymentPostprocessing = 0;
		};
/* End PBXSourcesBuildPhase section */

/* Begin PBXTargetDependency section */
		7613CA0525B62358004017DC /* PBXTargetDependency */ = {
			isa = PBXTargetDependency;
			target = 7613C9E925B62356004017DC /* TextFly */;
			targetProxy = 7613CA0425B62358004017DC /* PBXContainerItemProxy */;
		};
		7613CA1025B62358004017DC /* PBXTargetDependency */ = {
			isa = PBXTargetDependency;
			target = 7613C9E925B62356004017DC /* TextFly */;
			targetProxy = 7613CA0F25B62358004017DC /* PBXContainerItemProxy */;
		};
/* End PBXTargetDependency section */

/* Begin XCBuildConfiguration section */
		7613CA1525B62358004017DC /* Debug */ = {
			isa = XCBuildConfiguration;
			buildSettings = {
				ALWAYS_SEARCH_USER_PATHS = NO;
				CLANG_ANALYZER_NONNULL = YES;
				CLANG_ANALYZER_NUMBER_OBJECT_CONVERSION = YES_AGGRESSIVE;
				CLANG_CXX_LANGUAGE_STANDARD = "gnu++14";
				CLANG_CXX_LIBRARY = "libc++";
				CLANG_ENABLE_MODULES = YES;
				CLANG_ENABLE_OBJC_ARC = YES;
				CLANG_ENABLE_OBJC_WEAK = YES;
				CLANG_WARN_BLOCK_CAPTURE_AUTORELEASING = YES;
				CLANG_WARN_BOOL_CONVERSION = YES;
				CLANG_WARN_COMMA = YES;
				CLANG_WARN_CONSTANT_CONVERSION = YES;
				CLANG_WARN_DEPRECATED_OBJC_IMPLEMENTATIONS = YES;
				CLANG_WARN_DIRECT_OBJC_ISA_USAGE = YES_ERROR;
				CLANG_WARN_DOCUMENTATION_COMMENTS = YES;
				CLANG_WARN_EMPTY_BODY = YES;
				CLANG_WARN_ENUM_CONVERSION = YES;
				CLANG_WARN_INFINITE_RECURSION = YES;
				CLANG_WARN_INT_CONVERSION = YES;
				CLANG_WARN_NON_LITERAL_NULL_CONVERSION = YES;
				CLANG_WARN_OBJC_IMPLICIT_RETAIN_SELF = YES;
				CLANG_WARN_OBJC_LITERAL_CONVERSION = YES;
				CLANG_WARN_OBJC_ROOT_CLASS = YES_ERROR;
				CLANG_WARN_QUOTED_INCLUDE_IN_FRAMEWORK_HEADER = YES;
				CLANG_WARN_RANGE_LOOP_ANALYSIS = YES;
				CLANG_WARN_STRICT_PROTOTYPES = YES;
				CLANG_WARN_SUSPICIOUS_MOVE = YES;
				CLANG_WARN_UNGUARDED_AVAILABILITY = YES_AGGRESSIVE;
				CLANG_WARN_UNREACHABLE_CODE = YES;
				CLANG_WARN__DUPLICATE_METHOD_MATCH = YES;
				COPY_PHASE_STRIP = NO;
				DEBUG_INFORMATION_FORMAT = dwarf;
				ENABLE_STRICT_OBJC_MSGSEND = YES;
				ENABLE_TESTABILITY = YES;
				GCC_C_LANGUAGE_STANDARD = gnu11;
				GCC_DYNAMIC_NO_PIC = NO;
				GCC_NO_COMMON_BLOCKS = YES;
				GCC_OPTIMIZATION_LEVEL = 0;
				GCC_PREPROCESSOR_DEFINITIONS = (
					"DEBUG=1",
					"$(inherited)",
				);
				GCC_WARN_64_TO_32_BIT_CONVERSION = YES;
				GCC_WARN_ABOUT_RETURN_TYPE = YES_ERROR;
				GCC_WARN_UNDECLARED_SELECTOR = YES;
				GCC_WARN_UNINITIALIZED_AUTOS = YES_AGGRESSIVE;
				GCC_WARN_UNUSED_FUNCTION = YES;
				GCC_WARN_UNUSED_VARIABLE = YES;
				IPHONEOS_DEPLOYMENT_TARGET = 14.3;
				MTL_ENABLE_DEBUG_INFO = INCLUDE_SOURCE;
				MTL_FAST_MATH = YES;
				ONLY_ACTIVE_ARCH = YES;
				SDKROOT = iphoneos;
				SWIFT_ACTIVE_COMPILATION_CONDITIONS = DEBUG;
				SWIFT_OPTIMIZATION_LEVEL = "-Onone";
			};
			name = Debug;
		};
		7613CA1625B62358004017DC /* Release */ = {
			isa = XCBuildConfiguration;
			buildSettings = {
				ALWAYS_SEARCH_USER_PATHS = NO;
				CLANG_ANALYZER_NONNULL = YES;
				CLANG_ANALYZER_NUMBER_OBJECT_CONVERSION = YES_AGGRESSIVE;
				CLANG_CXX_LANGUAGE_STANDARD = "gnu++14";
				CLANG_CXX_LIBRARY = "libc++";
				CLANG_ENABLE_MODULES = YES;
				CLANG_ENABLE_OBJC_ARC = YES;
				CLANG_ENABLE_OBJC_WEAK = YES;
				CLANG_WARN_BLOCK_CAPTURE_AUTORELEASING = YES;
				CLANG_WARN_BOOL_CONVERSION = YES;
				CLANG_WARN_COMMA = YES;
				CLANG_WARN_CONSTANT_CONVERSION = YES;
				CLANG_WARN_DEPRECATED_OBJC_IMPLEMENTATIONS = YES;
				CLANG_WARN_DIRECT_OBJC_ISA_USAGE = YES_ERROR;
				CLANG_WARN_DOCUMENTATION_COMMENTS = YES;
				CLANG_WARN_EMPTY_BODY = YES;
				CLANG_WARN_ENUM_CONVERSION = YES;
				CLANG_WARN_INFINITE_RECURSION = YES;
				CLANG_WARN_INT_CONVERSION = YES;
				CLANG_WARN_NON_LITERAL_NULL_CONVERSION = YES;
				CLANG_WARN_OBJC_IMPLICIT_RETAIN_SELF = YES;
				CLANG_WARN_OBJC_LITERAL_CONVERSION = YES;
				CLANG_WARN_OBJC_ROOT_CLASS = YES_ERROR;
				CLANG_WARN_QUOTED_INCLUDE_IN_FRAMEWORK_HEADER = YES;
				CLANG_WARN_RANGE_LOOP_ANALYSIS = YES;
				CLANG_WARN_STRICT_PROTOTYPES = YES;
				CLANG_WARN_SUSPICIOUS_MOVE = YES;
				CLANG_WARN_UNGUARDED_AVAILABILITY = YES_AGGRESSIVE;
				CLANG_WARN_UNREACHABLE_CODE = YES;
				CLANG_WARN__DUPLICATE_METHOD_MATCH = YES;
				COPY_PHASE_STRIP = NO;
				DEBUG_INFORMATION_FORMAT = "dwarf-with-dsym";
				ENABLE_NS_ASSERTIONS = NO;
				ENABLE_STRICT_OBJC_MSGSEND = YES;
				GCC_C_LANGUAGE_STANDARD = gnu11;
				GCC_NO_COMMON_BLOCKS = YES;
				GCC_WARN_64_TO_32_BIT_CONVERSION = YES;
				GCC_WARN_ABOUT_RETURN_TYPE = YES_ERROR;
				GCC_WARN_UNDECLARED_SELECTOR = YES;
				GCC_WARN_UNINITIALIZED_AUTOS = YES_AGGRESSIVE;
				GCC_WARN_UNUSED_FUNCTION = YES;
				GCC_WARN_UNUSED_VARIABLE = YES;
				IPHONEOS_DEPLOYMENT_TARGET = 14.3;
				MTL_ENABLE_DEBUG_INFO = NO;
				MTL_FAST_MATH = YES;
				SDKROOT = iphoneos;
				SWIFT_COMPILATION_MODE = wholemodule;
				SWIFT_OPTIMIZATION_LEVEL = "-O";
				VALIDATE_PRODUCT = YES;
			};
			name = Release;
		};
		7613CA1825B62358004017DC /* Debug */ = {
			isa = XCBuildConfiguration;
			baseConfigurationReference = EEB18C2E023E2F943D0B145D /* Pods-TextFly.debug.xcconfig */;
			buildSettings = {
				ASSETCATALOG_COMPILER_APPICON_NAME = AppIcon;
				ASSETCATALOG_COMPILER_GLOBAL_ACCENT_COLOR_NAME = AccentColor;
				CODE_SIGN_STYLE = Automatic;
				DEVELOPMENT_TEAM = VZDNH969CP;
				INFOPLIST_FILE = TextFly/Info.plist;
				LD_RUNPATH_SEARCH_PATHS = (
					"$(inherited)",
					"@executable_path/Frameworks",
				);
				PRODUCT_BUNDLE_IDENTIFIER = messengerOS.TextFly;
				PRODUCT_NAME = "$(TARGET_NAME)";
				SWIFT_VERSION = 5.0;
				TARGETED_DEVICE_FAMILY = "1,2";
			};
			name = Debug;
		};
		7613CA1925B62358004017DC /* Release */ = {
			isa = XCBuildConfiguration;
			baseConfigurationReference = A49D6D7238D98E79AF3E90D5 /* Pods-TextFly.release.xcconfig */;
			buildSettings = {
				ASSETCATALOG_COMPILER_APPICON_NAME = AppIcon;
				ASSETCATALOG_COMPILER_GLOBAL_ACCENT_COLOR_NAME = AccentColor;
				CODE_SIGN_STYLE = Automatic;
				DEVELOPMENT_TEAM = VZDNH969CP;
				INFOPLIST_FILE = TextFly/Info.plist;
				LD_RUNPATH_SEARCH_PATHS = (
					"$(inherited)",
					"@executable_path/Frameworks",
				);
				PRODUCT_BUNDLE_IDENTIFIER = messengerOS.TextFly;
				PRODUCT_NAME = "$(TARGET_NAME)";
				SWIFT_VERSION = 5.0;
				TARGETED_DEVICE_FAMILY = "1,2";
			};
			name = Release;
		};
		7613CA1B25B62358004017DC /* Debug */ = {
			isa = XCBuildConfiguration;
			baseConfigurationReference = F5D42F026FC9A262E934C2D2 /* Pods-TextFlyTests.debug.xcconfig */;
			buildSettings = {
				ALWAYS_EMBED_SWIFT_STANDARD_LIBRARIES = YES;
				BUNDLE_LOADER = "$(TEST_HOST)";
				CODE_SIGN_STYLE = Automatic;
				DEVELOPMENT_TEAM = VZDNH969CP;
				INFOPLIST_FILE = TextFlyTests/Info.plist;
				IPHONEOS_DEPLOYMENT_TARGET = 14.3;
				LD_RUNPATH_SEARCH_PATHS = (
					"$(inherited)",
					"@executable_path/Frameworks",
					"@loader_path/Frameworks",
				);
				PRODUCT_BUNDLE_IDENTIFIER = messengerOS.TextFlyTests;
				PRODUCT_NAME = "$(TARGET_NAME)";
				SWIFT_VERSION = 5.0;
				TARGETED_DEVICE_FAMILY = "1,2";
				TEST_HOST = "$(BUILT_PRODUCTS_DIR)/TextFly.app/TextFly";
			};
			name = Debug;
		};
		7613CA1C25B62358004017DC /* Release */ = {
			isa = XCBuildConfiguration;
			baseConfigurationReference = 1251B7E3DA44327B72F8D527 /* Pods-TextFlyTests.release.xcconfig */;
			buildSettings = {
				ALWAYS_EMBED_SWIFT_STANDARD_LIBRARIES = YES;
				BUNDLE_LOADER = "$(TEST_HOST)";
				CODE_SIGN_STYLE = Automatic;
				DEVELOPMENT_TEAM = VZDNH969CP;
				INFOPLIST_FILE = TextFlyTests/Info.plist;
				IPHONEOS_DEPLOYMENT_TARGET = 14.3;
				LD_RUNPATH_SEARCH_PATHS = (
					"$(inherited)",
					"@executable_path/Frameworks",
					"@loader_path/Frameworks",
				);
				PRODUCT_BUNDLE_IDENTIFIER = messengerOS.TextFlyTests;
				PRODUCT_NAME = "$(TARGET_NAME)";
				SWIFT_VERSION = 5.0;
				TARGETED_DEVICE_FAMILY = "1,2";
				TEST_HOST = "$(BUILT_PRODUCTS_DIR)/TextFly.app/TextFly";
			};
			name = Release;
		};
		7613CA1E25B62358004017DC /* Debug */ = {
			isa = XCBuildConfiguration;
			baseConfigurationReference = 36646484250AD3FDE1486E04 /* Pods-TextFly-TextFlyUITests.debug.xcconfig */;
			buildSettings = {
				ALWAYS_EMBED_SWIFT_STANDARD_LIBRARIES = YES;
				CODE_SIGN_STYLE = Automatic;
				DEVELOPMENT_TEAM = VZDNH969CP;
				INFOPLIST_FILE = TextFlyUITests/Info.plist;
				LD_RUNPATH_SEARCH_PATHS = (
					"$(inherited)",
					"@executable_path/Frameworks",
					"@loader_path/Frameworks",
				);
				PRODUCT_BUNDLE_IDENTIFIER = messengerOS.TextFlyUITests;
				PRODUCT_NAME = "$(TARGET_NAME)";
				SWIFT_VERSION = 5.0;
				TARGETED_DEVICE_FAMILY = "1,2";
				TEST_TARGET_NAME = TextFly;
			};
			name = Debug;
		};
		7613CA1F25B62358004017DC /* Release */ = {
			isa = XCBuildConfiguration;
			baseConfigurationReference = 6C933AD6B1B5D154EB25583B /* Pods-TextFly-TextFlyUITests.release.xcconfig */;
			buildSettings = {
				ALWAYS_EMBED_SWIFT_STANDARD_LIBRARIES = YES;
				CODE_SIGN_STYLE = Automatic;
				DEVELOPMENT_TEAM = VZDNH969CP;
				INFOPLIST_FILE = TextFlyUITests/Info.plist;
				LD_RUNPATH_SEARCH_PATHS = (
					"$(inherited)",
					"@executable_path/Frameworks",
					"@loader_path/Frameworks",
				);
				PRODUCT_BUNDLE_IDENTIFIER = messengerOS.TextFlyUITests;
				PRODUCT_NAME = "$(TARGET_NAME)";
				SWIFT_VERSION = 5.0;
				TARGETED_DEVICE_FAMILY = "1,2";
				TEST_TARGET_NAME = TextFly;
			};
			name = Release;
		};
/* End XCBuildConfiguration section */

/* Begin XCConfigurationList section */
		7613C9E525B62356004017DC /* Build configuration list for PBXProject "TextFly" */ = {
			isa = XCConfigurationList;
			buildConfigurations = (
				7613CA1525B62358004017DC /* Debug */,
				7613CA1625B62358004017DC /* Release */,
			);
			defaultConfigurationIsVisible = 0;
			defaultConfigurationName = Release;
		};
		7613CA1725B62358004017DC /* Build configuration list for PBXNativeTarget "TextFly" */ = {
			isa = XCConfigurationList;
			buildConfigurations = (
				7613CA1825B62358004017DC /* Debug */,
				7613CA1925B62358004017DC /* Release */,
			);
			defaultConfigurationIsVisible = 0;
			defaultConfigurationName = Release;
		};
		7613CA1A25B62358004017DC /* Build configuration list for PBXNativeTarget "TextFlyTests" */ = {
			isa = XCConfigurationList;
			buildConfigurations = (
				7613CA1B25B62358004017DC /* Debug */,
				7613CA1C25B62358004017DC /* Release */,
			);
			defaultConfigurationIsVisible = 0;
			defaultConfigurationName = Release;
		};
		7613CA1D25B62358004017DC /* Build configuration list for PBXNativeTarget "TextFlyUITests" */ = {
			isa = XCConfigurationList;
			buildConfigurations = (
				7613CA1E25B62358004017DC /* Debug */,
				7613CA1F25B62358004017DC /* Release */,
			);
			defaultConfigurationIsVisible = 0;
			defaultConfigurationName = Release;
		};
/* End XCConfigurationList section */

/* Begin XCVersionGroup section */
		7613C9F625B62356004017DC /* TextFly.xcdatamodeld */ = {
			isa = XCVersionGroup;
			children = (
				7613C9F725B62356004017DC /* TextFly.xcdatamodel */,
			);
			currentVersion = 7613C9F725B62356004017DC /* TextFly.xcdatamodel */;
			path = TextFly.xcdatamodeld;
			sourceTree = "<group>";
			versionGroupType = wrapper.xcdatamodel;
		};
/* End XCVersionGroup section */
	};
	rootObject = 7613C9E225B62356004017DC /* Project object */;
}
